Microsoft Visual Studio Solution File, Format Version 11.00
# Visual Studio 2008

Project("{2370E9A7-94A1-5398-921B-1E62A1FD8C93}") = "StickMan", "Assembly-CSharp.csproj", "{03C21D56-48E9-2064-01DF-9DA1ACE7B175}"
EndProject
Project("{2370E9A7-94A1-5398-921B-1E62A1FD8C93}") = "StickMan", "Assembly-CSharp-Editor.csproj", "{4DB3CF95-9CCF-0384-D71E-79E8BC2A2F5B}"
EndProject
Project("{2370E9A7-94A1-5398-921B-1E62A1FD8C93}") = "StickMan", "Assembly-UnityScript.unityproj", "{D80827FB-24E6-1069-EF12-1A86528B8C51}"
EndProject
Project("{2370E9A7-94A1-5398-921B-1E62A1FD8C93}") = "StickMan", "Assembly-UnityScript-Editor.unityproj", "{28F4C28C-908D-37E6-CB43-B2276A0A9A9F}"
EndProject
Global
	GlobalSection(SolutionConfigurationPlatforms) = preSolution
		Debug|Any CPU = Debug|Any CPU
		Release|Any CPU = Release|Any CPU
	EndGlobalSection
	GlobalSection(ProjectConfigurationPlatforms) = postSolution
		{03C21D56-48E9-2064-01DF-9DA1ACE7B175}.Debug|Any CPU.ActiveCfg = Debug|Any CPU
		{03C21D56-48E9-2064-01DF-9DA1ACE7B175}.Debug|Any CPU.Build.0 = Debug|Any CPU
		{03C21D56-48E9-2064-01DF-9DA1ACE7B175}.Release|Any CPU.ActiveCfg = Release|Any CPU
		{03C21D56-48E9-2064-01DF-9DA1ACE7B175}.Release|Any CPU.Build.0 = Release|Any CPU
		{4DB3CF95-9CCF-0384-D71E-79E8BC2A2F5B}.Debug|Any CPU.ActiveCfg = Debug|Any CPU
		{4DB3CF95-9CCF-0384-D71E-79E8BC2A2F5B}.Debug|Any CPU.Build.0 = Debug|Any CPU
		{4DB3CF95-9CCF-0384-D71E-79E8BC2A2F5B}.Release|Any CPU.ActiveCfg = Release|Any CPU
		{4DB3CF95-9CCF-0384-D71E-79E8BC2A2F5B}.Release|Any CPU.Build.0 = Release|Any CPU
		{D80827FB-24E6-1069-EF12-1A86528B8C51}.Debug|Any CPU.ActiveCfg = Debug|Any CPU
		{D80827FB-24E6-1069-EF12-1A86528B8C51}.Debug|Any CPU.Build.0 = Debug|Any CPU
		{D80827FB-24E6-1069-EF12-1A86528B8C51}.Release|Any CPU.ActiveCfg = Release|Any CPU
		{D80827FB-24E6-1069-EF12-1A86528B8C51}.Release|Any CPU.Build.0 = Release|Any CPU
		{28F4C28C-908D-37E6-CB43-B2276A0A9A9F}.Debug|Any CPU.ActiveCfg = Debug|Any CPU
		{28F4C28C-908D-37E6-CB43-B2276A0A9A9F}.Debug|Any CPU.Build.0 = Debug|Any CPU
		{28F4C28C-908D-37E6-CB43-B2276A0A9A9F}.Release|Any CPU.ActiveCfg = Release|Any CPU
		{28F4C28C-908D-37E6-CB43-B2276A0A9A9F}.Release|Any CPU.Build.0 = Release|Any CPU
	EndGlobalSection
	GlobalSection(SolutionProperties) = preSolution
		HideSolutionNode = FALSE
	EndGlobalSection
																																			GlobalSection(MonoDevelopProperties) = preSolution
		StartupItem = Assembly-CSharp.csproj
		Policies = $0
		$0.TextStylePolicy = $1
		$1.inheritsSet = null
		$1.scope = text/x-csharp
		$0.CSharpFormattingPolicy = $2
		$2.inheritsSet = Mono
		$2.inheritsScope = text/x-csharp
		$2.scope = text/x-csharp
		$0.TextStylePolicy = $3
		$3.FileWidth = 120
		$3.TabWidth = 4
		$3.EolMarker = Unix
		$3.inheritsSet = Mono
		$3.inheritsScope = text/plain
		$3.scope = text/plain
	EndGlobalSection

EndGlobal
